// !$*UTF8*$!
{
	archiveVersion = 1;
	classes = {
	};
	objectVersion = 50;
	objects = {

/* Begin PBXBuildFile section */
		9956A4F7261EE7D0004F2757 /* AppDelegate.swift in Sources */ = {isa = PBXBuildFile; fileRef = 9956A4F6261EE7D0004F2757 /* AppDelegate.swift */; };
		9956A4F9261EE7D0004F2757 /* SceneDelegate.swift in Sources */ = {isa = PBXBuildFile; fileRef = 9956A4F8261EE7D0004F2757 /* SceneDelegate.swift */; };
		9956A4FB261EE7D0004F2757 /* ViewController.swift in Sources */ = {isa = PBXBuildFile; fileRef = 9956A4FA261EE7D0004F2757 /* ViewController.swift */; };
		9956A4FE261EE7D0004F2757 /* Main.storyboard in Resources */ = {isa = PBXBuildFile; fileRef = 9956A4FC261EE7D0004F2757 /* Main.storyboard */; };
		9956A501261EE7D0004F2757 /* FloatingButton_storyboard.xcdatamodeld in Sources */ = {isa = PBXBuildFile; fileRef = 9956A4FF261EE7D0004F2757 /* FloatingButton_storyboard.xcdatamodeld */; };
		9956A503261EE7D3004F2757 /* Assets.xcassets in Resources */ = {isa = PBXBuildFile; fileRef = 9956A502261EE7D3004F2757 /* Assets.xcassets */; };
		9956A506261EE7D3004F2757 /* LaunchScreen.storyboard in Resources */ = {isa = PBXBuildFile; fileRef = 9956A504261EE7D3004F2757 /* LaunchScreen.storyboard */; };
		9956A510261EF321004F2757 /* FloatingActionButton.swift in Sources */ = {isa = PBXBuildFile; fileRef = 9956A50F261EF321004F2757 /* FloatingActionButton.swift */; };
		9956A514261EF6C6004F2757 /* UIButtonExtension.swift in Sources */ = {isa = PBXBuildFile; fileRef = 9956A513261EF6C6004F2757 /* UIButtonExtension.swift */; };
/* End PBXBuildFile section */

/* Begin PBXFileReference section */
		9956A4F3261EE7D0004F2757 /* FloatingButton-storyboard.app */ = {isa = PBXFileReference; explicitFileType = wrapper.application; includeInIndex = 0; path = "FloatingButton-storyboard.app"; sourceTree = BUILT_PRODUCTS_DIR; };
		9956A4F6261EE7D0004F2757 /* AppDelegate.swift */ = {isa = PBXFileReference; lastKnownFileType = sourcecode.swift; path = AppDelegate.swift; sourceTree = "<group>"; };
		9956A4F8261EE7D0004F2757 /* SceneDelegate.swift */ = {isa = PBXFileReference; lastKnownFileType = sourcecode.swift; path = SceneDelegate.swift; sourceTree = "<group>"; };
		9956A4FA261EE7D0004F2757 /* ViewController.swift */ = {isa = PBXFileReference; lastKnownFileType = sourcecode.swift; path = ViewController.swift; sourceTree = "<group>"; };
		9956A4FD261EE7D0004F2757 /* Base */ = {isa = PBXFileReference; lastKnownFileType = file.storyboard; name = Base; path = Base.lproj/Main.storyboard; sourceTree = "<group>"; };
		9956A500261EE7D0004F2757 /* FloatingButton_storyboard.xcdatamodel */ = {isa = PBXFileReference; lastKnownFileType = wrapper.xcdatamodel; path = FloatingButton_storyboard.xcdatamodel; sourceTree = "<group>"; };
		9956A502261EE7D3004F2757 /* Assets.xcassets */ = {isa = PBXFileReference; lastKnownFileType = folder.assetcatalog; path = Assets.xcassets; sourceTree = "<group>"; };
		9956A505261EE7D3004F2757 /* Base */ = {isa = PBXFileReference; lastKnownFileType = file.storyboard; name = Base; path = Base.lproj/LaunchScreen.storyboard; sourceTree = "<group>"; };
		9956A507261EE7D3004F2757 /* Info.plist */ = {isa = PBXFileReference; lastKnownFileType = text.plist.xml; path = Info.plist; sourceTree = "<group>"; };
		9956A50F261EF321004F2757 /* FloatingActionButton.swift */ = {isa = PBXFileReference; lastKnownFileType = sourcecode.swift; path = FloatingActionButton.swift; sourceTree = "<group>"; };
		9956A513261EF6C6004F2757 /* UIButtonExtension.swift */ = {isa = PBXFileReference; lastKnownFileType = sourcecode.swift; path = UIButtonExtension.swift; sourceTree = "<group>"; };
/* End PBXFileReference section */

/* Begin PBXFrameworksBuildPhase section */
		9956A4F0261EE7D0004F2757 /* Frameworks */ = {
			isa = PBXFrameworksBuildPhase;
			buildActionMask = 2147483647;
			files = (
			);
			runOnlyForDeploymentPostprocessing = 0;
		};
/* End PBXFrameworksBuildPhase section */

/* Begin PBXGroup section */
		9956A4EA261EE7D0004F2757 = {
			isa = PBXGroup;
			children = (
				9956A4F5261EE7D0004F2757 /* FloatingButton-storyboard */,
				9956A4F4261EE7D0004F2757 /* Products */,
			);
			sourceTree = "<group>";
		};
		9956A4F4261EE7D0004F2757 /* Products */ = {
			isa = PBXGroup;
			children = (
				9956A4F3261EE7D0004F2757 /* FloatingButton-storyboard.app */,
			);
			name = Products;
			sourceTree = "<group>";
		};
		9956A4F5261EE7D0004F2757 /* FloatingButton-storyboard */ = {
			isa = PBXGroup;
			children = (
				9956A50E261EF283004F2757 /* Extensions */,
				9956A4F6261EE7D0004F2757 /* AppDelegate.swift */,
				9956A4F8261EE7D0004F2757 /* SceneDelegate.swift */,
				9956A4FA261EE7D0004F2757 /* ViewController.swift */,
				9956A4FC261EE7D0004F2757 /* Main.storyboard */,
				9956A502261EE7D3004F2757 /* Assets.xcassets */,
				9956A504261EE7D3004F2757 /* LaunchScreen.storyboard */,
				9956A507261EE7D3004F2757 /* Info.plist */,
				9956A4FF261EE7D0004F2757 /* FloatingButton_storyboard.xcdatamodeld */,
			);
			path = "FloatingButton-storyboard";
			sourceTree = "<group>";
		};
		9956A50E261EF283004F2757 /* Extensions */ = {
			isa = PBXGroup;
			children = (
				9956A50F261EF321004F2757 /* FloatingActionButton.swift */,
				9956A513261EF6C6004F2757 /* UIButtonExtension.swift */,
			);
			path = Extensions;
			sourceTree = "<group>";
		};
/* End PBXGroup section */

/* Begin PBXNativeTarget section */
		9956A4F2261EE7D0004F2757 /* FloatingButton-storyboard */ = {
			isa = PBXNativeTarget;
			buildConfigurationList = 9956A50A261EE7D3004F2757 /* Build configuration list for PBXNativeTarget "FloatingButton-storyboard" */;
			buildPhases = (
				9956A4EF261EE7D0004F2757 /* Sources */,
				9956A4F0261EE7D0004F2757 /* Frameworks */,
				9956A4F1261EE7D0004F2757 /* Resources */,
			);
			buildRules = (
			);
			dependencies = (
			);
			name = "FloatingButton-storyboard";
			productName = "FloatingButton-storyboard";
			productReference = 9956A4F3261EE7D0004F2757 /* FloatingButton-storyboard.app */;
			productType = "com.apple.product-type.application";
		};
/* End PBXNativeTarget section */

/* Begin PBXProject section */
		9956A4EB261EE7D0004F2757 /* Project object */ = {
			isa = PBXProject;
			attributes = {
				LastSwiftUpdateCheck = 1240;
				LastUpgradeCheck = 1240;
				TargetAttributes = {
					9956A4F2261EE7D0004F2757 = {
						CreatedOnToolsVersion = 12.4;
					};
				};
			};
			buildConfigurationList = 9956A4EE261EE7D0004F2757 /* Build configuration list for PBXProject "FloatingButton-storyboard" */;
			compatibilityVersion = "Xcode 9.3";
			developmentRegion = en;
			hasScannedForEncodings = 0;
			knownRegions = (
				en,
				Base,
			);
			mainGroup = 9956A4EA261EE7D0004F2757;
			productRefGroup = 9956A4F4261EE7D0004F2757 /* Products */;
			projectDirPath = "";
			projectRoot = "";
			targets = (
				9956A4F2261EE7D0004F2757 /* FloatingButton-storyboard */,
			);
		};
/* End PBXProject section */

/* Begin PBXResourcesBuildPhase section */
		9956A4F1261EE7D0004F2757 /* Resources */ = {
			isa = PBXResourcesBuildPhase;
			buildActionMask = 2147483647;
			files = (
				9956A506261EE7D3004F2757 /* LaunchScreen.storyboard in Resources */,
				9956A503261EE7D3004F2757 /* Assets.xcassets in Resources */,
				9956A4FE261EE7D0004F2757 /* Main.storyboard in Resources */,
			);
			runOnlyForDeploymentPostprocessing = 0;
		};
/* End PBXResourcesBuildPhase section */

/* Begin PBXSourcesBuildPhase section */
		9956A4EF261EE7D0004F2757 /* Sources */ = {
			isa = PBXSourcesBuildPhase;
			buildActionMask = 2147483647;
			files = (
				9956A4FB261EE7D0004F2757 /* ViewController.swift in Sources */,
				9956A4F7261EE7D0004F2757 /* AppDelegate.swift in Sources */,
				9956A510261EF321004F2757 /* FloatingActionButton.swift in Sources */,
				9956A501261EE7D0004F2757 /* FloatingButton_storyboard.xcdatamodeld in Sources */,
				9956A4F9261EE7D0004F2757 /* SceneDelegate.swift in Sources */,
				9956A514261EF6C6004F2757 /* UIButtonExtension.swift in Sources */,
			);
			runOnlyForDeploymentPostprocessing = 0;
		};
/* End PBXSourcesBuildPhase section */

/* Begin PBXVariantGroup section */
		9956A4FC261EE7D0004F2757 /* Main.storyboard */ = {
			isa = PBXVariantGroup;
			children = (
				9956A4FD261EE7D0004F2757 /* Base */,
			);
			name = Main.storyboard;
			sourceTree = "<group>";
		};
		9956A504261EE7D3004F2757 /* LaunchScreen.storyboard */ = {
			isa = PBXVariantGroup;
			children = (
				9956A505261EE7D3004F2757 /* Base */,
			);
			name = LaunchScreen.storyboard;
			sourceTree = "<group>";
		};
/* End PBXVariantGroup section */

/* Begin XCBuildConfiguration section */
		9956A508261EE7D3004F2757 /* Debug */ = {
			isa = XCBuildConfiguration;
			buildSettings = {
				ALWAYS_SEARCH_USER_PATHS = NO;
				CLANG_ANALYZER_NONNULL = YES;
				CLANG_ANALYZER_NUMBER_OBJECT_CONVERSION = YES_AGGRESSIVE;
				CLANG_CXX_LANGUAGE_STANDARD = "gnu++14";
				CLANG_CXX_LIBRARY = "libc++";
				CLANG_ENABLE_MODULES = YES;
				CLANG_ENABLE_OBJC_ARC = YES;
				CLANG_ENABLE_OBJC_WEAK = YES;
				CLANG_WARN_BLOCK_CAPTURE_AUTORELEASING = YES;
				CLANG_WARN_BOOL_CONVERSION = YES;
				CLANG_WARN_COMMA = YES;
				CLANG_WARN_CONSTANT_CONVERSION = YES;
				CLANG_WARN_DEPRECATED_OBJC_IMPLEMENTATIONS = YES;
				CLANG_WARN_DIRECT_OBJC_ISA_USAGE = YES_ERROR;
				CLANG_WARN_DOCUMENTATION_COMMENTS = YES;
				CLANG_WARN_EMPTY_BODY = YES;
				CLANG_WARN_ENUM_CONVERSION = YES;
				CLANG_WARN_INFINITE_RECURSION = YES;
				CLANG_WARN_INT_CONVERSION = YES;
				CLANG_WARN_NON_LITERAL_NULL_CONVERSION = YES;
				CLANG_WARN_OBJC_IMPLICIT_RETAIN_SELF = YES;
				CLANG_WARN_OBJC_LITERAL_CONVERSION = YES;
				CLANG_WARN_OBJC_ROOT_CLASS = YES_ERROR;
				CLANG_WARN_QUOTED_INCLUDE_IN_FRAMEWORK_HEADER = YES;
				CLANG_WARN_RANGE_LOOP_ANALYSIS = YES;
				CLANG_WARN_STRICT_PROTOTYPES = YES;
				CLANG_WARN_SUSPICIOUS_MOVE = YES;
				CLANG_WARN_UNGUARDED_AVAILABILITY = YES_AGGRESSIVE;
				CLANG_WARN_UNREACHABLE_CODE = YES;
				CLANG_WARN__DUPLICATE_METHOD_MATCH = YES;
				COPY_PHASE_STRIP = NO;
				DEBUG_INFORMATION_FORMAT = dwarf;
				ENABLE_STRICT_OBJC_MSGSEND = YES;
				ENABLE_TESTABILITY = YES;
				GCC_C_LANGUAGE_STANDARD = gnu11;
				GCC_DYNAMIC_NO_PIC = NO;
				GCC_NO_COMMON_BLOCKS = YES;
				GCC_OPTIMIZATION_LEVEL = 0;
				GCC_PREPROCESSOR_DEFINITIONS = (
					"DEBUG=1",
					"$(inherited)",
				);
				GCC_WARN_64_TO_32_BIT_CONVERSION = YES;
				GCC_WARN_ABOUT_RETURN_TYPE = YES_ERROR;
				GCC_WARN_UNDECLARED_SELECTOR = YES;
				GCC_WARN_UNINITIALIZED_AUTOS = YES_AGGRESSIVE;
				GCC_WARN_UNUSED_FUNCTION = YES;
				GCC_WARN_UNUSED_VARIABLE = YES;
				IPHONEOS_DEPLOYMENT_TARGET = 14.4;
				MTL_ENABLE_DEBUG_INFO = INCLUDE_SOURCE;
				MTL_FAST_MATH = YES;
				ONLY_ACTIVE_ARCH = YES;
				SDKROOT = iphoneos;
				SWIFT_ACTIVE_COMPILATION_CONDITIONS = DEBUG;
				SWIFT_OPTIMIZATION_LEVEL = "-Onone";
			};
			name = Debug;
		};
		9956A509261EE7D3004F2757 /* Release */ = {
			isa = XCBuildConfiguration;
			buildSettings = {
				ALWAYS_SEARCH_USER_PATHS = NO;
				CLANG_ANALYZER_NONNULL = YES;
				CLANG_ANALYZER_NUMBER_OBJECT_CONVERSION = YES_AGGRESSIVE;
				CLANG_CXX_LANGUAGE_STANDARD = "gnu++14";
				CLANG_CXX_LIBRARY = "libc++";
				CLANG_ENABLE_MODULES = YES;
				CLANG_ENABLE_OBJC_ARC = YES;
				CLANG_ENABLE_OBJC_WEAK = YES;
				CLANG_WARN_BLOCK_CAPTURE_AUTORELEASING = YES;
				CLANG_WARN_BOOL_CONVERSION = YES;
				CLANG_WARN_COMMA = YES;
				CLANG_WARN_CONSTANT_CONVERSION = YES;
				CLANG_WARN_DEPRECATED_OBJC_IMPLEMENTATIONS = YES;
				CLANG_WARN_DIRECT_OBJC_ISA_USAGE = YES_ERROR;
				CLANG_WARN_DOCUMENTATION_COMMENTS = YES;
				CLANG_WARN_EMPTY_BODY = YES;
				CLANG_WARN_ENUM_CONVERSION = YES;
				CLANG_WARN_INFINITE_RECURSION = YES;
				CLANG_WARN_INT_CONVERSION = YES;
				CLANG_WARN_NON_LITERAL_NULL_CONVERSION = YES;
				CLANG_WARN_OBJC_IMPLICIT_RETAIN_SELF = YES;
				CLANG_WARN_OBJC_LITERAL_CONVERSION = YES;
				CLANG_WARN_OBJC_ROOT_CLASS = YES_ERROR;
				CLANG_WARN_QUOTED_INCLUDE_IN_FRAMEWORK_HEADER = YES;
				CLANG_WARN_RANGE_LOOP_ANALYSIS = YES;
				CLANG_WARN_STRICT_PROTOTYPES = YES;
				CLANG_WARN_SUSPICIOUS_MOVE = YES;
				CLANG_WARN_UNGUARDED_AVAILABILITY = YES_AGGRESSIVE;
				CLANG_WARN_UNREACHABLE_CODE = YES;
				CLANG_WARN__DUPLICATE_METHOD_MATCH = YES;
				COPY_PHASE_STRIP = NO;
				DEBUG_INFORMATION_FORMAT = "dwarf-with-dsym";
				ENABLE_NS_ASSERTIONS = NO;
				ENABLE_STRICT_OBJC_MSGSEND = YES;
				GCC_C_LANGUAGE_STANDARD = gnu11;
				GCC_NO_COMMON_BLOCKS = YES;
				GCC_WARN_64_TO_32_BIT_CONVERSION = YES;
				GCC_WARN_ABOUT_RETURN_TYPE = YES_ERROR;
				GCC_WARN_UNDECLARED_SELECTOR = YES;
				GCC_WARN_UNINITIALIZED_AUTOS = YES_AGGRESSIVE;
				GCC_WARN_UNUSED_FUNCTION = YES;
				GCC_WARN_UNUSED_VARIABLE = YES;
				IPHONEOS_DEPLOYMENT_TARGET = 14.4;
				MTL_ENABLE_DEBUG_INFO = NO;
				MTL_FAST_MATH = YES;
				SDKROOT = iphoneos;
				SWIFT_COMPILATION_MODE = wholemodule;
				SWIFT_OPTIMIZATION_LEVEL = "-O";
				VALIDATE_PRODUCT = YES;
			};
			name = Release;
		};
		9956A50B261EE7D3004F2757 /* Debug */ = {
			isa = XCBuildConfiguration;
			buildSettings = {
				ASSETCATALOG_COMPILER_APPICON_NAME = AppIcon;
				ASSETCATALOG_COMPILER_GLOBAL_ACCENT_COLOR_NAME = AccentColor;
				CODE_SIGN_STYLE = Automatic;
				DEVELOPMENT_TEAM = 4KX39VZ9JG;
				INFOPLIST_FILE = "FloatingButton-storyboard/Info.plist";
				LD_RUNPATH_SEARCH_PATHS = (
					"$(inherited)",
					"@executable_path/Frameworks",
				);
				PRODUCT_BUNDLE_IDENTIFIER = "Toshiki-Yanagimoto.FloatingButton-storyboard";
				PRODUCT_NAME = "$(TARGET_NAME)";
				SWIFT_VERSION = 5.0;
				TARGETED_DEVICE_FAMILY = "1,2";
			};
			name = Debug;
		};
		9956A50C261EE7D3004F2757 /* Release */ = {
			isa = XCBuildConfiguration;
			buildSettings = {
				ASSETCATALOG_COMPILER_APPICON_NAME = AppIcon;
				ASSETCATALOG_COMPILER_GLOBAL_ACCENT_COLOR_NAME = AccentColor;
				CODE_SIGN_STYLE = Automatic;
				DEVELOPMENT_TEAM = 4KX39VZ9JG;
				INFOPLIST_FILE = "FloatingButton-storyboard/Info.plist";
				LD_RUNPATH_SEARCH_PATHS = (
					"$(inherited)",
					"@executable_path/Frameworks",
				);
				PRODUCT_BUNDLE_IDENTIFIER = "Toshiki-Yanagimoto.FloatingButton-storyboard";
				PRODUCT_NAME = "$(TARGET_NAME)";
				SWIFT_VERSION = 5.0;
				TARGETED_DEVICE_FAMILY = "1,2";
			};
			name = Release;
		};
/* End XCBuildConfiguration section */

/* Begin XCConfigurationList section */
		9956A4EE261EE7D0004F2757 /* Build configuration list for PBXProject "FloatingButton-storyboard" */ = {
			isa = XCConfigurationList;
			buildConfigurations = (
				9956A508261EE7D3004F2757 /* Debug */,
				9956A509261EE7D3004F2757 /* Release */,
			);
			defaultConfigurationIsVisible = 0;
			defaultConfigurationName = Release;
		};
		9956A50A261EE7D3004F2757 /* Build configuration list for PBXNativeTarget "FloatingButton-storyboard" */ = {
			isa = XCConfigurationList;
			buildConfigurations = (
				9956A50B261EE7D3004F2757 /* Debug */,
				9956A50C261EE7D3004F2757 /* Release */,
			);
			defaultConfigurationIsVisible = 0;
			defaultConfigurationName = Release;
		};
/* End XCConfigurationList section */

/* Begin XCVersionGroup section */
		9956A4FF261EE7D0004F2757 /* FloatingButton_storyboard.xcdatamodeld */ = {
			isa = XCVersionGroup;
			children = (
				9956A500261EE7D0004F2757 /* FloatingButton_storyboard.xcdatamodel */,
			);
			currentVersion = 9956A500261EE7D0004F2757 /* FloatingButton_storyboard.xcdatamodel */;
			path = FloatingButton_storyboard.xcdatamodeld;
			sourceTree = "<group>";
			versionGroupType = wrapper.xcdatamodel;
		};
/* End XCVersionGroup section */
	};
	rootObject = 9956A4EB261EE7D0004F2757 /* Project object */;
}
